// !$*UTF8*$!
{
	archiveVersion = 1;
	classes = {
	};
	objectVersion = 56;
	objects = {

/* Begin PBXBuildFile section */
		569433B729D56453006BE1F9 /* AppDelegate.swift in Sources */ = {isa = PBXBuildFile; fileRef = 569433B629D56453006BE1F9 /* AppDelegate.swift */; };
		569433C029D56454006BE1F9 /* Assets.xcassets in Resources */ = {isa = PBXBuildFile; fileRef = 569433BF29D56454006BE1F9 /* Assets.xcassets */; };
		569433C329D56454006BE1F9 /* LaunchScreen.storyboard in Resources */ = {isa = PBXBuildFile; fileRef = 569433C129D56454006BE1F9 /* LaunchScreen.storyboard */; };
		569433CC29D56585006BE1F9 /* RegisterMain.swift in Sources */ = {isa = PBXBuildFile; fileRef = 569433CB29D56585006BE1F9 /* RegisterMain.swift */; };
		569433CE29D56618006BE1F9 /* RegisterView.swift in Sources */ = {isa = PBXBuildFile; fileRef = 569433CD29D56618006BE1F9 /* RegisterView.swift */; };
		569433D029D56652006BE1F9 /* RegisterViewUI.swift in Sources */ = {isa = PBXBuildFile; fileRef = 569433CF29D56652006BE1F9 /* RegisterViewUI.swift */; };
		569433D229D56675006BE1F9 /* RegisterInteractor.swift in Sources */ = {isa = PBXBuildFile; fileRef = 569433D129D56675006BE1F9 /* RegisterInteractor.swift */; };
		569433D429D5668A006BE1F9 /* RegisterPresenter.swift in Sources */ = {isa = PBXBuildFile; fileRef = 569433D329D5668A006BE1F9 /* RegisterPresenter.swift */; };
		569433D629D566A6006BE1F9 /* RegisterProtocols.swift in Sources */ = {isa = PBXBuildFile; fileRef = 569433D529D566A6006BE1F9 /* RegisterProtocols.swift */; };
		569433D829D566C2006BE1F9 /* RegisterEntity.swift in Sources */ = {isa = PBXBuildFile; fileRef = 569433D729D566C2006BE1F9 /* RegisterEntity.swift */; };
		569433DA29D566D8006BE1F9 /* RegisterRouter.swift in Sources */ = {isa = PBXBuildFile; fileRef = 569433D929D566D8006BE1F9 /* RegisterRouter.swift */; };
		569433DE29D61043006BE1F9 /* UIButton+Extension.swift in Sources */ = {isa = PBXBuildFile; fileRef = 569433DD29D61043006BE1F9 /* UIButton+Extension.swift */; };
		569433E229D6119E006BE1F9 /* String+Extension.swift in Sources */ = {isa = PBXBuildFile; fileRef = 569433E129D6119E006BE1F9 /* String+Extension.swift */; };
		569433E729D64BB4006BE1F9 /* Singleton.swift in Sources */ = {isa = PBXBuildFile; fileRef = 569433E629D64BB4006BE1F9 /* Singleton.swift */; };
		569433EA29D64F68006BE1F9 /* UserInformationMain.swift in Sources */ = {isa = PBXBuildFile; fileRef = 569433E929D64F68006BE1F9 /* UserInformationMain.swift */; };
		569433EC29D64F8D006BE1F9 /* UserInformationView.swift in Sources */ = {isa = PBXBuildFile; fileRef = 569433EB29D64F8D006BE1F9 /* UserInformationView.swift */; };
		569433EE29D64FBA006BE1F9 /* UserInformationViewUI.swift in Sources */ = {isa = PBXBuildFile; fileRef = 569433ED29D64FBA006BE1F9 /* UserInformationViewUI.swift */; };
		569433F029D64FDE006BE1F9 /* UserInformationInteractor.swift in Sources */ = {isa = PBXBuildFile; fileRef = 569433EF29D64FDE006BE1F9 /* UserInformationInteractor.swift */; };
		569433F229D64FF1006BE1F9 /* UserInformationPresenter.swift in Sources */ = {isa = PBXBuildFile; fileRef = 569433F129D64FF1006BE1F9 /* UserInformationPresenter.swift */; };
		569433F429D65015006BE1F9 /* UserInformationProtocols.swift in Sources */ = {isa = PBXBuildFile; fileRef = 569433F329D65015006BE1F9 /* UserInformationProtocols.swift */; };
		569433F629D65049006BE1F9 /* UserInformationEntity.swift in Sources */ = {isa = PBXBuildFile; fileRef = 569433F529D65049006BE1F9 /* UserInformationEntity.swift */; };
		569433F829D65059006BE1F9 /* UserInformationRouter.swift in Sources */ = {isa = PBXBuildFile; fileRef = 569433F729D65059006BE1F9 /* UserInformationRouter.swift */; };
/* End PBXBuildFile section */

/* Begin PBXFileReference section */
		569433B329D56453006BE1F9 /* ExameniOS.app */ = {isa = PBXFileReference; explicitFileType = wrapper.application; includeInIndex = 0; path = ExameniOS.app; sourceTree = BUILT_PRODUCTS_DIR; };
		569433B629D56453006BE1F9 /* AppDelegate.swift */ = {isa = PBXFileReference; lastKnownFileType = sourcecode.swift; path = AppDelegate.swift; sourceTree = "<group>"; };
		569433BF29D56454006BE1F9 /* Assets.xcassets */ = {isa = PBXFileReference; lastKnownFileType = folder.assetcatalog; path = Assets.xcassets; sourceTree = "<group>"; };
		569433C229D56454006BE1F9 /* Base */ = {isa = PBXFileReference; lastKnownFileType = file.storyboard; name = Base; path = Base.lproj/LaunchScreen.storyboard; sourceTree = "<group>"; };
		569433C429D56454006BE1F9 /* Info.plist */ = {isa = PBXFileReference; lastKnownFileType = text.plist.xml; path = Info.plist; sourceTree = "<group>"; };
		569433CB29D56585006BE1F9 /* RegisterMain.swift */ = {isa = PBXFileReference; lastKnownFileType = sourcecode.swift; path = RegisterMain.swift; sourceTree = "<group>"; };
		569433CD29D56618006BE1F9 /* RegisterView.swift */ = {isa = PBXFileReference; lastKnownFileType = sourcecode.swift; path = RegisterView.swift; sourceTree = "<group>"; };
		569433CF29D56652006BE1F9 /* RegisterViewUI.swift */ = {isa = PBXFileReference; lastKnownFileType = sourcecode.swift; path = RegisterViewUI.swift; sourceTree = "<group>"; };
		569433D129D56675006BE1F9 /* RegisterInteractor.swift */ = {isa = PBXFileReference; lastKnownFileType = sourcecode.swift; path = RegisterInteractor.swift; sourceTree = "<group>"; };
		569433D329D5668A006BE1F9 /* RegisterPresenter.swift */ = {isa = PBXFileReference; lastKnownFileType = sourcecode.swift; path = RegisterPresenter.swift; sourceTree = "<group>"; };
		569433D529D566A6006BE1F9 /* RegisterProtocols.swift */ = {isa = PBXFileReference; lastKnownFileType = sourcecode.swift; path = RegisterProtocols.swift; sourceTree = "<group>"; };
		569433D729D566C2006BE1F9 /* RegisterEntity.swift */ = {isa = PBXFileReference; lastKnownFileType = sourcecode.swift; path = RegisterEntity.swift; sourceTree = "<group>"; };
		569433D929D566D8006BE1F9 /* RegisterRouter.swift */ = {isa = PBXFileReference; lastKnownFileType = sourcecode.swift; path = RegisterRouter.swift; sourceTree = "<group>"; };
		569433DD29D61043006BE1F9 /* UIButton+Extension.swift */ = {isa = PBXFileReference; lastKnownFileType = sourcecode.swift; path = "UIButton+Extension.swift"; sourceTree = "<group>"; };
		569433E129D6119E006BE1F9 /* String+Extension.swift */ = {isa = PBXFileReference; lastKnownFileType = sourcecode.swift; path = "String+Extension.swift"; sourceTree = "<group>"; };
		569433E629D64BB4006BE1F9 /* Singleton.swift */ = {isa = PBXFileReference; lastKnownFileType = sourcecode.swift; path = Singleton.swift; sourceTree = "<group>"; };
		569433E929D64F68006BE1F9 /* UserInformationMain.swift */ = {isa = PBXFileReference; lastKnownFileType = sourcecode.swift; path = UserInformationMain.swift; sourceTree = "<group>"; };
		569433EB29D64F8D006BE1F9 /* UserInformationView.swift */ = {isa = PBXFileReference; lastKnownFileType = sourcecode.swift; path = UserInformationView.swift; sourceTree = "<group>"; };
		569433ED29D64FBA006BE1F9 /* UserInformationViewUI.swift */ = {isa = PBXFileReference; lastKnownFileType = sourcecode.swift; path = UserInformationViewUI.swift; sourceTree = "<group>"; };
		569433EF29D64FDE006BE1F9 /* UserInformationInteractor.swift */ = {isa = PBXFileReference; lastKnownFileType = sourcecode.swift; path = UserInformationInteractor.swift; sourceTree = "<group>"; };
		569433F129D64FF1006BE1F9 /* UserInformationPresenter.swift */ = {isa = PBXFileReference; lastKnownFileType = sourcecode.swift; path = UserInformationPresenter.swift; sourceTree = "<group>"; };
		569433F329D65015006BE1F9 /* UserInformationProtocols.swift */ = {isa = PBXFileReference; lastKnownFileType = sourcecode.swift; path = UserInformationProtocols.swift; sourceTree = "<group>"; };
		569433F529D65049006BE1F9 /* UserInformationEntity.swift */ = {isa = PBXFileReference; lastKnownFileType = sourcecode.swift; path = UserInformationEntity.swift; sourceTree = "<group>"; };
		569433F729D65059006BE1F9 /* UserInformationRouter.swift */ = {isa = PBXFileReference; lastKnownFileType = sourcecode.swift; path = UserInformationRouter.swift; sourceTree = "<group>"; };
/* End PBXFileReference section */

/* Begin PBXFrameworksBuildPhase section */
		569433B029D56453006BE1F9 /* Frameworks */ = {
			isa = PBXFrameworksBuildPhase;
			buildActionMask = 2147483647;
			files = (
			);
			runOnlyForDeploymentPostprocessing = 0;
		};
/* End PBXFrameworksBuildPhase section */

/* Begin PBXGroup section */
		569433AA29D56453006BE1F9 = {
			isa = PBXGroup;
			children = (
				569433B529D56453006BE1F9 /* ExameniOS */,
				569433B429D56453006BE1F9 /* Products */,
			);
			sourceTree = "<group>";
		};
		569433B429D56453006BE1F9 /* Products */ = {
			isa = PBXGroup;
			children = (
				569433B329D56453006BE1F9 /* ExameniOS.app */,
			);
			name = Products;
			sourceTree = "<group>";
		};
		569433B529D56453006BE1F9 /* ExameniOS */ = {
			isa = PBXGroup;
			children = (
				569433B629D56453006BE1F9 /* AppDelegate.swift */,
				569433CA29D56543006BE1F9 /* Register */,
				569433E829D64F34006BE1F9 /* UserInformation */,
				569433DB29D60FF8006BE1F9 /* Components */,
				569433BF29D56454006BE1F9 /* Assets.xcassets */,
				569433C129D56454006BE1F9 /* LaunchScreen.storyboard */,
				569433C429D56454006BE1F9 /* Info.plist */,
			);
			path = ExameniOS;
			sourceTree = "<group>";
		};
		569433CA29D56543006BE1F9 /* Register */ = {
			isa = PBXGroup;
			children = (
				569433CB29D56585006BE1F9 /* RegisterMain.swift */,
				569433CD29D56618006BE1F9 /* RegisterView.swift */,
				569433CF29D56652006BE1F9 /* RegisterViewUI.swift */,
				569433D129D56675006BE1F9 /* RegisterInteractor.swift */,
				569433D329D5668A006BE1F9 /* RegisterPresenter.swift */,
				569433D529D566A6006BE1F9 /* RegisterProtocols.swift */,
				569433D729D566C2006BE1F9 /* RegisterEntity.swift */,
				569433D929D566D8006BE1F9 /* RegisterRouter.swift */,
			);
			path = Register;
			sourceTree = "<group>";
		};
		569433DB29D60FF8006BE1F9 /* Components */ = {
			isa = PBXGroup;
			children = (
				569433E529D64B9E006BE1F9 /* Singleton */,
				569433DC29D61006006BE1F9 /* Extensions */,
			);
			path = Components;
			sourceTree = "<group>";
		};
		569433DC29D61006006BE1F9 /* Extensions */ = {
			isa = PBXGroup;
			children = (
				569433DD29D61043006BE1F9 /* UIButton+Extension.swift */,
				569433E129D6119E006BE1F9 /* String+Extension.swift */,
			);
			path = Extensions;
			sourceTree = "<group>";
		};
		569433E529D64B9E006BE1F9 /* Singleton */ = {
			isa = PBXGroup;
			children = (
				569433E629D64BB4006BE1F9 /* Singleton.swift */,
			);
			path = Singleton;
			sourceTree = "<group>";
		};
		569433E829D64F34006BE1F9 /* UserInformation */ = {
			isa = PBXGroup;
			children = (
				569433E929D64F68006BE1F9 /* UserInformationMain.swift */,
				569433EB29D64F8D006BE1F9 /* UserInformationView.swift */,
				569433ED29D64FBA006BE1F9 /* UserInformationViewUI.swift */,
				569433EF29D64FDE006BE1F9 /* UserInformationInteractor.swift */,
				569433F129D64FF1006BE1F9 /* UserInformationPresenter.swift */,
				569433F329D65015006BE1F9 /* UserInformationProtocols.swift */,
				569433F529D65049006BE1F9 /* UserInformationEntity.swift */,
				569433F729D65059006BE1F9 /* UserInformationRouter.swift */,
			);
			path = UserInformation;
			sourceTree = "<group>";
		};
/* End PBXGroup section */

/* Begin PBXNativeTarget section */
		569433B229D56453006BE1F9 /* ExameniOS */ = {
			isa = PBXNativeTarget;
			buildConfigurationList = 569433C729D56454006BE1F9 /* Build configuration list for PBXNativeTarget "ExameniOS" */;
			buildPhases = (
				569433AF29D56453006BE1F9 /* Sources */,
				569433B029D56453006BE1F9 /* Frameworks */,
				569433B129D56453006BE1F9 /* Resources */,
			);
			buildRules = (
			);
			dependencies = (
			);
			name = ExameniOS;
			productName = ExameniOS;
			productReference = 569433B329D56453006BE1F9 /* ExameniOS.app */;
			productType = "com.apple.product-type.application";
		};
/* End PBXNativeTarget section */

/* Begin PBXProject section */
		569433AB29D56453006BE1F9 /* Project object */ = {
			isa = PBXProject;
			attributes = {
				BuildIndependentTargetsInParallel = 1;
				LastSwiftUpdateCheck = 1420;
				LastUpgradeCheck = 1420;
				TargetAttributes = {
					569433B229D56453006BE1F9 = {
						CreatedOnToolsVersion = 14.2;
					};
				};
			};
			buildConfigurationList = 569433AE29D56453006BE1F9 /* Build configuration list for PBXProject "ExameniOS" */;
			compatibilityVersion = "Xcode 14.0";
			developmentRegion = en;
			hasScannedForEncodings = 0;
			knownRegions = (
				en,
				Base,
			);
			mainGroup = 569433AA29D56453006BE1F9;
			productRefGroup = 569433B429D56453006BE1F9 /* Products */;
			projectDirPath = "";
			projectRoot = "";
			targets = (
				569433B229D56453006BE1F9 /* ExameniOS */,
			);
		};
/* End PBXProject section */

/* Begin PBXResourcesBuildPhase section */
		569433B129D56453006BE1F9 /* Resources */ = {
			isa = PBXResourcesBuildPhase;
			buildActionMask = 2147483647;
			files = (
				569433C329D56454006BE1F9 /* LaunchScreen.storyboard in Resources */,
				569433C029D56454006BE1F9 /* Assets.xcassets in Resources */,
			);
			runOnlyForDeploymentPostprocessing = 0;
		};
/* End PBXResourcesBuildPhase section */

/* Begin PBXSourcesBuildPhase section */
		569433AF29D56453006BE1F9 /* Sources */ = {
			isa = PBXSourcesBuildPhase;
			buildActionMask = 2147483647;
			files = (
				569433F629D65049006BE1F9 /* UserInformationEntity.swift in Sources */,
				569433CC29D56585006BE1F9 /* RegisterMain.swift in Sources */,
				569433DA29D566D8006BE1F9 /* RegisterRouter.swift in Sources */,
				569433F229D64FF1006BE1F9 /* UserInformationPresenter.swift in Sources */,
				569433D029D56652006BE1F9 /* RegisterViewUI.swift in Sources */,
				569433DE29D61043006BE1F9 /* UIButton+Extension.swift in Sources */,
				569433EE29D64FBA006BE1F9 /* UserInformationViewUI.swift in Sources */,
				569433E229D6119E006BE1F9 /* String+Extension.swift in Sources */,
				569433E729D64BB4006BE1F9 /* Singleton.swift in Sources */,
				569433F829D65059006BE1F9 /* UserInformationRouter.swift in Sources */,
				569433D429D5668A006BE1F9 /* RegisterPresenter.swift in Sources */,
				569433CE29D56618006BE1F9 /* RegisterView.swift in Sources */,
				569433D829D566C2006BE1F9 /* RegisterEntity.swift in Sources */,
				569433D629D566A6006BE1F9 /* RegisterProtocols.swift in Sources */,
				569433EA29D64F68006BE1F9 /* UserInformationMain.swift in Sources */,
				569433D229D56675006BE1F9 /* RegisterInteractor.swift in Sources */,
				569433F029D64FDE006BE1F9 /* UserInformationInteractor.swift in Sources */,
				569433EC29D64F8D006BE1F9 /* UserInformationView.swift in Sources */,
				569433F429D65015006BE1F9 /* UserInformationProtocols.swift in Sources */,
				569433B729D56453006BE1F9 /* AppDelegate.swift in Sources */,
			);
			runOnlyForDeploymentPostprocessing = 0;
		};
/* End PBXSourcesBuildPhase section */

/* Begin PBXVariantGroup section */
		569433C129D56454006BE1F9 /* LaunchScreen.storyboard */ = {
			isa = PBXVariantGroup;
			children = (
				569433C229D56454006BE1F9 /* Base */,
			);
			name = LaunchScreen.storyboard;
			sourceTree = "<group>";
		};
/* End PBXVariantGroup section */

/* Begin XCBuildConfiguration section */
		569433C529D56454006BE1F9 /* Debug */ = {
			isa = XCBuildConfiguration;
			buildSettings = {
				ALWAYS_SEARCH_USER_PATHS = NO;
				CLANG_ANALYZER_NONNULL = YES;
				CLANG_ANALYZER_NUMBER_OBJECT_CONVERSION = YES_AGGRESSIVE;
				CLANG_CXX_LANGUAGE_STANDARD = "gnu++20";
				CLANG_ENABLE_MODULES = YES;
				CLANG_ENABLE_OBJC_ARC = YES;
				CLANG_ENABLE_OBJC_WEAK = YES;
				CLANG_WARN_BLOCK_CAPTURE_AUTORELEASING = YES;
				CLANG_WARN_BOOL_CONVERSION = YES;
				CLANG_WARN_COMMA = YES;
				CLANG_WARN_CONSTANT_CONVERSION = YES;
				CLANG_WARN_DEPRECATED_OBJC_IMPLEMENTATIONS = YES;
				CLANG_WARN_DIRECT_OBJC_ISA_USAGE = YES_ERROR;
				CLANG_WARN_DOCUMENTATION_COMMENTS = YES;
				CLANG_WARN_EMPTY_BODY = YES;
				CLANG_WARN_ENUM_CONVERSION = YES;
				CLANG_WARN_INFINITE_RECURSION = YES;
				CLANG_WARN_INT_CONVERSION = YES;
				CLANG_WARN_NON_LITERAL_NULL_CONVERSION = YES;
				CLANG_WARN_OBJC_IMPLICIT_RETAIN_SELF = YES;
				CLANG_WARN_OBJC_LITERAL_CONVERSION = YES;
				CLANG_WARN_OBJC_ROOT_CLASS = YES_ERROR;
				CLANG_WARN_QUOTED_INCLUDE_IN_FRAMEWORK_HEADER = YES;
				CLANG_WARN_RANGE_LOOP_ANALYSIS = YES;
				CLANG_WARN_STRICT_PROTOTYPES = YES;
				CLANG_WARN_SUSPICIOUS_MOVE = YES;
				CLANG_WARN_UNGUARDED_AVAILABILITY = YES_AGGRESSIVE;
				CLANG_WARN_UNREACHABLE_CODE = YES;
				CLANG_WARN__DUPLICATE_METHOD_MATCH = YES;
				COPY_PHASE_STRIP = NO;
				DEBUG_INFORMATION_FORMAT = dwarf;
				ENABLE_STRICT_OBJC_MSGSEND = YES;
				ENABLE_TESTABILITY = YES;
				GCC_C_LANGUAGE_STANDARD = gnu11;
				GCC_DYNAMIC_NO_PIC = NO;
				GCC_NO_COMMON_BLOCKS = YES;
				GCC_OPTIMIZATION_LEVEL = 0;
				GCC_PREPROCESSOR_DEFINITIONS = (
					"DEBUG=1",
					"$(inherited)",
				);
				GCC_WARN_64_TO_32_BIT_CONVERSION = YES;
				GCC_WARN_ABOUT_RETURN_TYPE = YES_ERROR;
				GCC_WARN_UNDECLARED_SELECTOR = YES;
				GCC_WARN_UNINITIALIZED_AUTOS = YES_AGGRESSIVE;
				GCC_WARN_UNUSED_FUNCTION = YES;
				GCC_WARN_UNUSED_VARIABLE = YES;
				IPHONEOS_DEPLOYMENT_TARGET = 16.2;
				MTL_ENABLE_DEBUG_INFO = INCLUDE_SOURCE;
				MTL_FAST_MATH = YES;
				ONLY_ACTIVE_ARCH = YES;
				SDKROOT = iphoneos;
				SWIFT_ACTIVE_COMPILATION_CONDITIONS = DEBUG;
				SWIFT_OPTIMIZATION_LEVEL = "-Onone";
			};
			name = Debug;
		};
		569433C629D56454006BE1F9 /* Release */ = {
			isa = XCBuildConfiguration;
			buildSettings = {
				ALWAYS_SEARCH_USER_PATHS = NO;
				CLANG_ANALYZER_NONNULL = YES;
				CLANG_ANALYZER_NUMBER_OBJECT_CONVERSION = YES_AGGRESSIVE;
				CLANG_CXX_LANGUAGE_STANDARD = "gnu++20";
				CLANG_ENABLE_MODULES = YES;
				CLANG_ENABLE_OBJC_ARC = YES;
				CLANG_ENABLE_OBJC_WEAK = YES;
				CLANG_WARN_BLOCK_CAPTURE_AUTORELEASING = YES;
				CLANG_WARN_BOOL_CONVERSION = YES;
				CLANG_WARN_COMMA = YES;
				CLANG_WARN_CONSTANT_CONVERSION = YES;
				CLANG_WARN_DEPRECATED_OBJC_IMPLEMENTATIONS = YES;
				CLANG_WARN_DIRECT_OBJC_ISA_USAGE = YES_ERROR;
				CLANG_WARN_DOCUMENTATION_COMMENTS = YES;
				CLANG_WARN_EMPTY_BODY = YES;
				CLANG_WARN_ENUM_CONVERSION = YES;
				CLANG_WARN_INFINITE_RECURSION = YES;
				CLANG_WARN_INT_CONVERSION = YES;
				CLANG_WARN_NON_LITERAL_NULL_CONVERSION = YES;
				CLANG_WARN_OBJC_IMPLICIT_RETAIN_SELF = YES;
				CLANG_WARN_OBJC_LITERAL_CONVERSION = YES;
				CLANG_WARN_OBJC_ROOT_CLASS = YES_ERROR;
				CLANG_WARN_QUOTED_INCLUDE_IN_FRAMEWORK_HEADER = YES;
				CLANG_WARN_RANGE_LOOP_ANALYSIS = YES;
				CLANG_WARN_STRICT_PROTOTYPES = YES;
				CLANG_WARN_SUSPICIOUS_MOVE = YES;
				CLANG_WARN_UNGUARDED_AVAILABILITY = YES_AGGRESSIVE;
				CLANG_WARN_UNREACHABLE_CODE = YES;
				CLANG_WARN__DUPLICATE_METHOD_MATCH = YES;
				COPY_PHASE_STRIP = NO;
				DEBUG_INFORMATION_FORMAT = "dwarf-with-dsym";
				ENABLE_NS_ASSERTIONS = NO;
				ENABLE_STRICT_OBJC_MSGSEND = YES;
				GCC_C_LANGUAGE_STANDARD = gnu11;
				GCC_NO_COMMON_BLOCKS = YES;
				GCC_WARN_64_TO_32_BIT_CONVERSION = YES;
				GCC_WARN_ABOUT_RETURN_TYPE = YES_ERROR;
				GCC_WARN_UNDECLARED_SELECTOR = YES;
				GCC_WARN_UNINITIALIZED_AUTOS = YES_AGGRESSIVE;
				GCC_WARN_UNUSED_FUNCTION = YES;
				GCC_WARN_UNUSED_VARIABLE = YES;
				IPHONEOS_DEPLOYMENT_TARGET = 16.2;
				MTL_ENABLE_DEBUG_INFO = NO;
				MTL_FAST_MATH = YES;
				SDKROOT = iphoneos;
				SWIFT_COMPILATION_MODE = wholemodule;
				SWIFT_OPTIMIZATION_LEVEL = "-O";
				VALIDATE_PRODUCT = YES;
			};
			name = Release;
		};
		569433C829D56454006BE1F9 /* Debug */ = {
			isa = XCBuildConfiguration;
			buildSettings = {
				ASSETCATALOG_COMPILER_APPICON_NAME = AppIcon;
				ASSETCATALOG_COMPILER_GLOBAL_ACCENT_COLOR_NAME = AccentColor;
				CODE_SIGN_STYLE = Automatic;
				CURRENT_PROJECT_VERSION = 1;
				DEVELOPMENT_TEAM = 7U73976YT5;
				GENERATE_INFOPLIST_FILE = YES;
				INFOPLIST_FILE = ExameniOS/Info.plist;
				INFOPLIST_KEY_UIApplicationSupportsIndirectInputEvents = YES;
				INFOPLIST_KEY_UILaunchStoryboardName = LaunchScreen;
				INFOPLIST_KEY_UISupportedInterfaceOrientations_iPad = "UIInterfaceOrientationPortrait UIInterfaceOrientationPortraitUpsideDown UIInterfaceOrientationLandscapeLeft UIInterfaceOrientationLandscapeRight";
				INFOPLIST_KEY_UISupportedInterfaceOrientations_iPhone = "UIInterfaceOrientationPortrait UIInterfaceOrientationLandscapeLeft UIInterfaceOrientationLandscapeRight";
				LD_RUNPATH_SEARCH_PATHS = (
					"$(inherited)",
					"@executable_path/Frameworks",
				);
				MARKETING_VERSION = 1.0;
				PRODUCT_BUNDLE_IDENTIFIER = com.fercho.ExameniOS;
				PRODUCT_NAME = "$(TARGET_NAME)";
				SUPPORTED_PLATFORMS = "iphoneos iphonesimulator";
				SUPPORTS_MACCATALYST = NO;
				SUPPORTS_MAC_DESIGNED_FOR_IPHONE_IPAD = NO;
				SWIFT_EMIT_LOC_STRINGS = YES;
				SWIFT_VERSION = 5.0;
				TARGETED_DEVICE_FAMILY = "1,2";
			};
			name = Debug;
		};
		569433C929D56454006BE1F9 /* Release */ = {
			isa = XCBuildConfiguration;
			buildSettings = {
				ASSETCATALOG_COMPILER_APPICON_NAME = AppIcon;
				ASSETCATALOG_COMPILER_GLOBAL_ACCENT_COLOR_NAME = AccentColor;
				CODE_SIGN_STYLE = Automatic;
				CURRENT_PROJECT_VERSION = 1;
				DEVELOPMENT_TEAM = 7U73976YT5;
				GENERATE_INFOPLIST_FILE = YES;
				INFOPLIST_FILE = ExameniOS/Info.plist;
				INFOPLIST_KEY_UIApplicationSupportsIndirectInputEvents = YES;
				INFOPLIST_KEY_UILaunchStoryboardName = LaunchScreen;
				INFOPLIST_KEY_UISupportedInterfaceOrientations_iPad = "UIInterfaceOrientationPortrait UIInterfaceOrientationPortraitUpsideDown UIInterfaceOrientationLandscapeLeft UIInterfaceOrientationLandscapeRight";
				INFOPLIST_KEY_UISupportedInterfaceOrientations_iPhone = "UIInterfaceOrientationPortrait UIInterfaceOrientationLandscapeLeft UIInterfaceOrientationLandscapeRight";
				LD_RUNPATH_SEARCH_PATHS = (
					"$(inherited)",
					"@executable_path/Frameworks",
				);
				MARKETING_VERSION = 1.0;
				PRODUCT_BUNDLE_IDENTIFIER = com.fercho.ExameniOS;
				PRODUCT_NAME = "$(TARGET_NAME)";
				SUPPORTED_PLATFORMS = "iphoneos iphonesimulator";
				SUPPORTS_MACCATALYST = NO;
				SUPPORTS_MAC_DESIGNED_FOR_IPHONE_IPAD = NO;
				SWIFT_EMIT_LOC_STRINGS = YES;
				SWIFT_VERSION = 5.0;
				TARGETED_DEVICE_FAMILY = "1,2";
			};
			name = Release;
		};
/* End XCBuildConfiguration section */

/* Begin XCConfigurationList section */
		569433AE29D56453006BE1F9 /* Build configuration list for PBXProject "ExameniOS" */ = {
			isa = XCConfigurationList;
			buildConfigurations = (
				569433C529D56454006BE1F9 /* Debug */,
				569433C629D56454006BE1F9 /* Release */,
			);
			defaultConfigurationIsVisible = 0;
			defaultConfigurationName = Release;
		};
		569433C729D56454006BE1F9 /* Build configuration list for PBXNativeTarget "ExameniOS" */ = {
			isa = XCConfigurationList;
			buildConfigurations = (
				569433C829D56454006BE1F9 /* Debug */,
				569433C929D56454006BE1F9 /* Release */,
			);
			defaultConfigurationIsVisible = 0;
			defaultConfigurationName = Release;
		};
/* End XCConfigurationList section */
	};
	rootObject = 569433AB29D56453006BE1F9 /* Project object */;
}
